
Microsoft Visual Studio Solution File, Format Version 12.00
# Visual Studio Express 2012 for Windows Desktop
Project("{FAE04EC0-301F-11D3-BF4B-00C04F79EFBC}") = "ZXING", "ZXING\ZXING.csproj", "{381E9803-3435-4F75-82BA-DE81A2E0850E}"
EndProject
Global
	GlobalSection(SolutionConfigurationPlatforms) = preSolution
		Debug|Any CPU = Debug|Any CPU
		Release|Any CPU = Release|Any CPU
	EndGlobalSection
	GlobalSection(ProjectConfigurationPlatforms) = postSolution
		{381E9803-3435-4F75-82BA-DE81A2E0850E}.Debug|Any CPU.ActiveCfg = Debug|Any CPU
		{381E9803-3435-4F75-82BA-DE81A2E0850E}.Debug|Any CPU.Build.0 = Debug|Any CPU
		{381E9803-3435-4F75-82BA-DE81A2E0850E}.Release|Any CPU.ActiveCfg = Release|Any CPU
		{381E9803-3435-4F75-82BA-DE81A2E0850E}.Release|Any CPU.Build.0 = Release|Any CPU
	EndGlobalSection
	GlobalSection(SolutionProperties) = preSolution
		HideSolutionNode = FALSE
	EndGlobalSection
EndGlobal
